
Microsoft Visual Studio Solution File, Format Version 12.00
# Visual Studio Version 17
VisualStudioVersion = 17.0.32014.148
MinimumVisualStudioVersion = 10.0.40219.1
Project("{FAE04EC0-301F-11D3-BF4B-00C04F79EFBC}") = "ERPM.Api", "ERPM.Api.csproj", "{AABB94C6-D6E0-4D6D-A958-616C3A4FF431}"
EndProject
Project("{FAE04EC0-301F-11D3-BF4B-00C04F79EFBC}") = "ERPM.Api.Services", "..\ERPM.Api.Services\ERPM.Api.Services.csproj", "{8E7AD665-B84E-4685-88CF-485B744F7AC9}"
EndProject
Project("{FAE04EC0-301F-11D3-BF4B-00C04F79EFBC}") = "ERPM.Api.Repository", "..\ERPM.Api.Repository\ERPM.Api.Repository.csproj", "{9521BEA6-D4C1-4EBB-8967-BB29C015C28A}"
EndProject
Project("{FAE04EC0-301F-11D3-BF4B-00C04F79EFBC}") = "ERPM.Api.Model", "..\ERPM.Api.Model\ERPM.Api.Model.csproj", "{2F8A39E1-5958-4990-A90C-0322F3D45D63}"
EndProject
Global
	GlobalSection(SolutionConfigurationPlatforms) = preSolution
		Debug|Any CPU = Debug|Any CPU
		Release|Any CPU = Release|Any CPU
	EndGlobalSection
	GlobalSection(ProjectConfigurationPlatforms) = postSolution
		{AABB94C6-D6E0-4D6D-A958-616C3A4FF431}.Debug|Any CPU.ActiveCfg = Debug|Any CPU
		{AABB94C6-D6E0-4D6D-A958-616C3A4FF431}.Debug|Any CPU.Build.0 = Debug|Any CPU
		{AABB94C6-D6E0-4D6D-A958-616C3A4FF431}.Release|Any CPU.ActiveCfg = Release|Any CPU
		{AABB94C6-D6E0-4D6D-A958-616C3A4FF431}.Release|Any CPU.Build.0 = Release|Any CPU
		{8E7AD665-B84E-4685-88CF-485B744F7AC9}.Debug|Any CPU.ActiveCfg = Debug|Any CPU
		{8E7AD665-B84E-4685-88CF-485B744F7AC9}.Debug|Any CPU.Build.0 = Debug|Any CPU
		{8E7AD665-B84E-4685-88CF-485B744F7AC9}.Release|Any CPU.ActiveCfg = Release|Any CPU
		{8E7AD665-B84E-4685-88CF-485B744F7AC9}.Release|Any CPU.Build.0 = Release|Any CPU
		{9521BEA6-D4C1-4EBB-8967-BB29C015C28A}.Debug|Any CPU.ActiveCfg = Debug|Any CPU
		{9521BEA6-D4C1-4EBB-8967-BB29C015C28A}.Debug|Any CPU.Build.0 = Debug|Any CPU
		{9521BEA6-D4C1-4EBB-8967-BB29C015C28A}.Release|Any CPU.ActiveCfg = Release|Any CPU
		{9521BEA6-D4C1-4EBB-8967-BB29C015C28A}.Release|Any CPU.Build.0 = Release|Any CPU
		{2F8A39E1-5958-4990-A90C-0322F3D45D63}.Debug|Any CPU.ActiveCfg = Debug|Any CPU
		{2F8A39E1-5958-4990-A90C-0322F3D45D63}.Debug|Any CPU.Build.0 = Debug|Any CPU
		{2F8A39E1-5958-4990-A90C-0322F3D45D63}.Release|Any CPU.ActiveCfg = Release|Any CPU
		{2F8A39E1-5958-4990-A90C-0322F3D45D63}.Release|Any CPU.Build.0 = Release|Any CPU
	EndGlobalSection
	GlobalSection(SolutionProperties) = preSolution
		HideSolutionNode = FALSE
	EndGlobalSection
	GlobalSection(ExtensibilityGlobals) = postSolution
		SolutionGuid = {61298F85-6345-4976-AA95-E56B7FA4D71E}
	EndGlobalSection
EndGlobal
